{
  "version": 4,
  "terraform_version": "1.14.9",
  "serial": 311,
  "lineage": "abe26288-bc69-8287-5320-71adc03055f0",
  "outputs": {},
  "resources": [
    {
      "mode": "managed",
      "type": "aws_vpc",
      "name": "fitlio_vpc",
      "provider": "provider[\"registry.terraform.io/hashicorp/aws\"]",
      "instances": [
        {
          "schema_version": 1,
          "attributes": {
            "arn": "arn:aws:ec2:ap-southeast-2:238391222114:vpc/vpc-0b34c4d43cde61837",
            "assign_generated_ipv6_cidr_block": false,
            "cidr_block": "10.0.0.0/16",
            "default_network_acl_id": "acl-0ef37d5ec84d4f078",
            "default_route_table_id": "rtb-01f66602ef5ca99ab",
            "default_security_group_id": "sg-0ac048a582646c7a0",
            "dhcp_options_id": "dopt-021253daaa37ba673",
            "enable_dns_hostnames": true,
            "enable_dns_support": true,
            "enable_network_address_usage_metrics": false,
            "id": "vpc-0b34c4d43cde61837",
            "instance_tenancy": "default",
            "ipv4_ipam_pool_id": null,
            "ipv4_netmask_length": null,
            "ipv6_association_id": "",
            "ipv6_cidr_block": "",
            "ipv6_cidr_block_network_border_group": "",
            "ipv6_ipam_pool_id": "",
            "ipv6_netmask_length": 0,
            "main_route_table_id": "rtb-01f66602ef5ca99ab",
            "owner_id": "238391222114",
            "tags": {
              "Environment": "production",
              "ManagedBy": "terraform",
              "Name": "fitlio-vpc",
              "Project": "fitlio"
            },
            "tags_all": {
              "Environment": "production",
              "ManagedBy": "terraform",
              "Name": "fitlio-vpc",
              "Project": "fitlio"
            }
          },
          "sensitive_attributes": [],
          "identity_schema_version": 0,
          "private": "eyJzY2hlbWFfdmVyc2lvbiI6IjEifQ=="
        }
      ]
    }
  ],
  "check_results": null
}
